
Microsoft Visual Studio Solution File, Format Version 12.00
# Visual Studio 14
VisualStudioVersion = 14.0.23107.0
MinimumVisualStudioVersion = 10.0.40219.1
Project("{FAE04EC0-301F-11D3-BF4B-00C04F79EFBC}") = "ClientA1", "ClientA1\ClientA1.csproj", "{86A8D8D3-C276-46F8-8871-77A746EA3FB1}"
EndProject
Project("{FAE04EC0-301F-11D3-BF4B-00C04F79EFBC}") = "ClientB1", "ClientB1\ClientB1.csproj", "{3E1A66B8-EBED-4B06-A5BC-4898819F177A}"
EndProject
Project("{FAE04EC0-301F-11D3-BF4B-00C04F79EFBC}") = "ClientB2", "ClientB2\ClientB2.csproj", "{0A9ED4A6-9CB5-4F95-9A29-70C504DC5CD1}"
EndProject
Project("{FAE04EC0-301F-11D3-BF4B-00C04F79EFBC}") = "Steuerclient", "Steuerclient\Steuerclient.csproj", "{AEAC2482-55A1-4CCF-96A1-ED15E33DFAC4}"
EndProject
Project("{FAE04EC0-301F-11D3-BF4B-00C04F79EFBC}") = "GlobalClasses", "GlobalClasses\GlobalClasses.csproj", "{80B7B58B-4B65-43F8-81E5-31D2C458E7A4}"
EndProject
Global
	GlobalSection(SolutionConfigurationPlatforms) = preSolution
		Debug|Any CPU = Debug|Any CPU
		Debug|ARM = Debug|ARM
		Debug|x64 = Debug|x64
		Debug|x86 = Debug|x86
		Release|Any CPU = Release|Any CPU
		Release|ARM = Release|ARM
		Release|x64 = Release|x64
		Release|x86 = Release|x86
	EndGlobalSection
	GlobalSection(ProjectConfigurationPlatforms) = postSolution
		{86A8D8D3-C276-46F8-8871-77A746EA3FB1}.Debug|Any CPU.ActiveCfg = Debug|Any CPU
		{86A8D8D3-C276-46F8-8871-77A746EA3FB1}.Debug|Any CPU.Build.0 = Debug|Any CPU
		{86A8D8D3-C276-46F8-8871-77A746EA3FB1}.Debug|ARM.ActiveCfg = Debug|Any CPU
		{86A8D8D3-C276-46F8-8871-77A746EA3FB1}.Debug|ARM.Build.0 = Debug|Any CPU
		{86A8D8D3-C276-46F8-8871-77A746EA3FB1}.Debug|x64.ActiveCfg = Debug|Any CPU
		{86A8D8D3-C276-46F8-8871-77A746EA3FB1}.Debug|x64.Build.0 = Debug|Any CPU
		{86A8D8D3-C276-46F8-8871-77A746EA3FB1}.Debug|x86.ActiveCfg = Debug|Any CPU
		{86A8D8D3-C276-46F8-8871-77A746EA3FB1}.Debug|x86.Build.0 = Debug|Any CPU
		{86A8D8D3-C276-46F8-8871-77A746EA3FB1}.Release|Any CPU.ActiveCfg = Release|Any CPU
		{86A8D8D3-C276-46F8-8871-77A746EA3FB1}.Release|Any CPU.Build.0 = Release|Any CPU
		{86A8D8D3-C276-46F8-8871-77A746EA3FB1}.Release|ARM.ActiveCfg = Release|Any CPU
		{86A8D8D3-C276-46F8-8871-77A746EA3FB1}.Release|ARM.Build.0 = Release|Any CPU
		{86A8D8D3-C276-46F8-8871-77A746EA3FB1}.Release|x64.ActiveCfg = Release|Any CPU
		{86A8D8D3-C276-46F8-8871-77A746EA3FB1}.Release|x64.Build.0 = Release|Any CPU
		{86A8D8D3-C276-46F8-8871-77A746EA3FB1}.Release|x86.ActiveCfg = Release|Any CPU
		{86A8D8D3-C276-46F8-8871-77A746EA3FB1}.Release|x86.Build.0 = Release|Any CPU
		{3E1A66B8-EBED-4B06-A5BC-4898819F177A}.Debug|Any CPU.ActiveCfg = Debug|Any CPU
		{3E1A66B8-EBED-4B06-A5BC-4898819F177A}.Debug|Any CPU.Build.0 = Debug|Any CPU
		{3E1A66B8-EBED-4B06-A5BC-4898819F177A}.Debug|ARM.ActiveCfg = Debug|Any CPU
		{3E1A66B8-EBED-4B06-A5BC-4898819F177A}.Debug|ARM.Build.0 = Debug|Any CPU
		{3E1A66B8-EBED-4B06-A5BC-4898819F177A}.Debug|x64.ActiveCfg = Debug|Any CPU
		{3E1A66B8-EBED-4B06-A5BC-4898819F177A}.Debug|x64.Build.0 = Debug|Any CPU
		{3E1A66B8-EBED-4B06-A5BC-4898819F177A}.Debug|x86.ActiveCfg = Debug|Any CPU
		{3E1A66B8-EBED-4B06-A5BC-4898819F177A}.Debug|x86.Build.0 = Debug|Any CPU
		{3E1A66B8-EBED-4B06-A5BC-4898819F177A}.Release|Any CPU.ActiveCfg = Release|Any CPU
		{3E1A66B8-EBED-4B06-A5BC-4898819F177A}.Release|Any CPU.Build.0 = Release|Any CPU
		{3E1A66B8-EBED-4B06-A5BC-4898819F177A}.Release|ARM.ActiveCfg = Release|Any CPU
		{3E1A66B8-EBED-4B06-A5BC-4898819F177A}.Release|ARM.Build.0 = Release|Any CPU
		{3E1A66B8-EBED-4B06-A5BC-4898819F177A}.Release|x64.ActiveCfg = Release|Any CPU
		{3E1A66B8-EBED-4B06-A5BC-4898819F177A}.Release|x64.Build.0 = Release|Any CPU
		{3E1A66B8-EBED-4B06-A5BC-4898819F177A}.Release|x86.ActiveCfg = Release|Any CPU
		{3E1A66B8-EBED-4B06-A5BC-4898819F177A}.Release|x86.Build.0 = Release|Any CPU
		{0A9ED4A6-9CB5-4F95-9A29-70C504DC5CD1}.Debug|Any CPU.ActiveCfg = Debug|Any CPU
		{0A9ED4A6-9CB5-4F95-9A29-70C504DC5CD1}.Debug|Any CPU.Build.0 = Debug|Any CPU
		{0A9ED4A6-9CB5-4F95-9A29-70C504DC5CD1}.Debug|ARM.ActiveCfg = Debug|Any CPU
		{0A9ED4A6-9CB5-4F95-9A29-70C504DC5CD1}.Debug|ARM.Build.0 = Debug|Any CPU
		{0A9ED4A6-9CB5-4F95-9A29-70C504DC5CD1}.Debug|x64.ActiveCfg = Debug|Any CPU
		{0A9ED4A6-9CB5-4F95-9A29-70C504DC5CD1}.Debug|x64.Build.0 = Debug|Any CPU
		{0A9ED4A6-9CB5-4F95-9A29-70C504DC5CD1}.Debug|x86.ActiveCfg = Debug|Any CPU
		{0A9ED4A6-9CB5-4F95-9A29-70C504DC5CD1}.Debug|x86.Build.0 = Debug|Any CPU
		{0A9ED4A6-9CB5-4F95-9A29-70C504DC5CD1}.Release|Any CPU.ActiveCfg = Release|Any CPU
		{0A9ED4A6-9CB5-4F95-9A29-70C504DC5CD1}.Release|Any CPU.Build.0 = Release|Any CPU
		{0A9ED4A6-9CB5-4F95-9A29-70C504DC5CD1}.Release|ARM.ActiveCfg = Release|Any CPU
		{0A9ED4A6-9CB5-4F95-9A29-70C504DC5CD1}.Release|ARM.Build.0 = Release|Any CPU
		{0A9ED4A6-9CB5-4F95-9A29-70C504DC5CD1}.Release|x64.ActiveCfg = Release|Any CPU
		{0A9ED4A6-9CB5-4F95-9A29-70C504DC5CD1}.Release|x64.Build.0 = Release|Any CPU
		{0A9ED4A6-9CB5-4F95-9A29-70C504DC5CD1}.Release|x86.ActiveCfg = Release|Any CPU
		{0A9ED4A6-9CB5-4F95-9A29-70C504DC5CD1}.Release|x86.Build.0 = Release|Any CPU
		{AEAC2482-55A1-4CCF-96A1-ED15E33DFAC4}.Debug|Any CPU.ActiveCfg = Debug|Any CPU
		{AEAC2482-55A1-4CCF-96A1-ED15E33DFAC4}.Debug|Any CPU.Build.0 = Debug|Any CPU
		{AEAC2482-55A1-4CCF-96A1-ED15E33DFAC4}.Debug|ARM.ActiveCfg = Debug|Any CPU
		{AEAC2482-55A1-4CCF-96A1-ED15E33DFAC4}.Debug|ARM.Build.0 = Debug|Any CPU
		{AEAC2482-55A1-4CCF-96A1-ED15E33DFAC4}.Debug|x64.ActiveCfg = Debug|Any CPU
		{AEAC2482-55A1-4CCF-96A1-ED15E33DFAC4}.Debug|x64.Build.0 = Debug|Any CPU
		{AEAC2482-55A1-4CCF-96A1-ED15E33DFAC4}.Debug|x86.ActiveCfg = Debug|Any CPU
		{AEAC2482-55A1-4CCF-96A1-ED15E33DFAC4}.Debug|x86.Build.0 = Debug|Any CPU
		{AEAC2482-55A1-4CCF-96A1-ED15E33DFAC4}.Release|Any CPU.ActiveCfg = Release|Any CPU
		{AEAC2482-55A1-4CCF-96A1-ED15E33DFAC4}.Release|Any CPU.Build.0 = Release|Any CPU
		{AEAC2482-55A1-4CCF-96A1-ED15E33DFAC4}.Release|ARM.ActiveCfg = Release|Any CPU
		{AEAC2482-55A1-4CCF-96A1-ED15E33DFAC4}.Release|ARM.Build.0 = Release|Any CPU
		{AEAC2482-55A1-4CCF-96A1-ED15E33DFAC4}.Release|x64.ActiveCfg = Release|Any CPU
		{AEAC2482-55A1-4CCF-96A1-ED15E33DFAC4}.Release|x64.Build.0 = Release|Any CPU
		{AEAC2482-55A1-4CCF-96A1-ED15E33DFAC4}.Release|x86.ActiveCfg = Release|Any CPU
		{AEAC2482-55A1-4CCF-96A1-ED15E33DFAC4}.Release|x86.Build.0 = Release|Any CPU
		{80B7B58B-4B65-43F8-81E5-31D2C458E7A4}.Debug|Any CPU.ActiveCfg = Debug|Any CPU
		{80B7B58B-4B65-43F8-81E5-31D2C458E7A4}.Debug|Any CPU.Build.0 = Debug|Any CPU
		{80B7B58B-4B65-43F8-81E5-31D2C458E7A4}.Debug|ARM.ActiveCfg = Debug|Any CPU
		{80B7B58B-4B65-43F8-81E5-31D2C458E7A4}.Debug|ARM.Build.0 = Debug|Any CPU
		{80B7B58B-4B65-43F8-81E5-31D2C458E7A4}.Debug|x64.ActiveCfg = Debug|Any CPU
		{80B7B58B-4B65-43F8-81E5-31D2C458E7A4}.Debug|x64.Build.0 = Debug|Any CPU
		{80B7B58B-4B65-43F8-81E5-31D2C458E7A4}.Debug|x86.ActiveCfg = Debug|Any CPU
		{80B7B58B-4B65-43F8-81E5-31D2C458E7A4}.Debug|x86.Build.0 = Debug|Any CPU
		{80B7B58B-4B65-43F8-81E5-31D2C458E7A4}.Release|Any CPU.ActiveCfg = Release|Any CPU
		{80B7B58B-4B65-43F8-81E5-31D2C458E7A4}.Release|Any CPU.Build.0 = Release|Any CPU
		{80B7B58B-4B65-43F8-81E5-31D2C458E7A4}.Release|ARM.ActiveCfg = Release|Any CPU
		{80B7B58B-4B65-43F8-81E5-31D2C458E7A4}.Release|ARM.Build.0 = Release|Any CPU
		{80B7B58B-4B65-43F8-81E5-31D2C458E7A4}.Release|x64.ActiveCfg = Release|Any CPU
		{80B7B58B-4B65-43F8-81E5-31D2C458E7A4}.Release|x64.Build.0 = Release|Any CPU
		{80B7B58B-4B65-43F8-81E5-31D2C458E7A4}.Release|x86.ActiveCfg = Release|Any CPU
		{80B7B58B-4B65-43F8-81E5-31D2C458E7A4}.Release|x86.Build.0 = Release|Any CPU
	EndGlobalSection
	GlobalSection(SolutionProperties) = preSolution
		HideSolutionNode = FALSE
	EndGlobalSection
EndGlobal
