
Microsoft Visual Studio Solution File, Format Version 12.00
# Visual Studio 14
VisualStudioVersion = 14.0.23107.0
MinimumVisualStudioVersion = 10.0.40219.1
Project("{FAE04EC0-301F-11D3-BF4B-00C04F79EFBC}") = "GlobalClassLibrary", "GlobalClassLibrary\GlobalClassLibrary.csproj", "{514E9786-8FE7-4818-88DB-851B8AAC1E76}"
EndProject
Project("{FAE04EC0-301F-11D3-BF4B-00C04F79EFBC}") = "TaskService", "TaskService\TaskService.csproj", "{BDE4581F-4275-4985-9216-2C2F923D827F}"
EndProject
Project("{FAE04EC0-301F-11D3-BF4B-00C04F79EFBC}") = "TaskService.Tests", "TaskService.Tests\TaskService.Tests.csproj", "{C7287EDA-618A-48C1-AA37-31E99286DC23}"
EndProject
Project("{FAE04EC0-301F-11D3-BF4B-00C04F79EFBC}") = "ClientB2", "ClientB2\ClientB2.csproj", "{0A9ED4A6-9CB5-4F95-9A29-70C504DC5CD1}"
EndProject
Project("{FAE04EC0-301F-11D3-BF4B-00C04F79EFBC}") = "RuleService", "RuleService\RuleService.csproj", "{C176B22D-951D-42D2-8606-56E24C4BC412}"
EndProject
Global
	GlobalSection(SolutionConfigurationPlatforms) = preSolution
		Debug|Any CPU = Debug|Any CPU
		Release|Any CPU = Release|Any CPU
	EndGlobalSection
	GlobalSection(ProjectConfigurationPlatforms) = postSolution
		{514E9786-8FE7-4818-88DB-851B8AAC1E76}.Debug|Any CPU.ActiveCfg = Debug|Any CPU
		{514E9786-8FE7-4818-88DB-851B8AAC1E76}.Debug|Any CPU.Build.0 = Debug|Any CPU
		{514E9786-8FE7-4818-88DB-851B8AAC1E76}.Release|Any CPU.ActiveCfg = Release|Any CPU
		{514E9786-8FE7-4818-88DB-851B8AAC1E76}.Release|Any CPU.Build.0 = Release|Any CPU
		{BDE4581F-4275-4985-9216-2C2F923D827F}.Debug|Any CPU.ActiveCfg = Debug|Any CPU
		{BDE4581F-4275-4985-9216-2C2F923D827F}.Debug|Any CPU.Build.0 = Debug|Any CPU
		{BDE4581F-4275-4985-9216-2C2F923D827F}.Release|Any CPU.ActiveCfg = Release|Any CPU
		{BDE4581F-4275-4985-9216-2C2F923D827F}.Release|Any CPU.Build.0 = Release|Any CPU
		{C7287EDA-618A-48C1-AA37-31E99286DC23}.Debug|Any CPU.ActiveCfg = Debug|Any CPU
		{C7287EDA-618A-48C1-AA37-31E99286DC23}.Debug|Any CPU.Build.0 = Debug|Any CPU
		{C7287EDA-618A-48C1-AA37-31E99286DC23}.Release|Any CPU.ActiveCfg = Release|Any CPU
		{C7287EDA-618A-48C1-AA37-31E99286DC23}.Release|Any CPU.Build.0 = Release|Any CPU
		{0A9ED4A6-9CB5-4F95-9A29-70C504DC5CD1}.Debug|Any CPU.ActiveCfg = Debug|Any CPU
		{0A9ED4A6-9CB5-4F95-9A29-70C504DC5CD1}.Debug|Any CPU.Build.0 = Debug|Any CPU
		{0A9ED4A6-9CB5-4F95-9A29-70C504DC5CD1}.Release|Any CPU.ActiveCfg = Release|Any CPU
		{0A9ED4A6-9CB5-4F95-9A29-70C504DC5CD1}.Release|Any CPU.Build.0 = Release|Any CPU
		{C176B22D-951D-42D2-8606-56E24C4BC412}.Debug|Any CPU.ActiveCfg = Debug|Any CPU
		{C176B22D-951D-42D2-8606-56E24C4BC412}.Debug|Any CPU.Build.0 = Debug|Any CPU
		{C176B22D-951D-42D2-8606-56E24C4BC412}.Release|Any CPU.ActiveCfg = Release|Any CPU
		{C176B22D-951D-42D2-8606-56E24C4BC412}.Release|Any CPU.Build.0 = Release|Any CPU
	EndGlobalSection
	GlobalSection(SolutionProperties) = preSolution
		HideSolutionNode = FALSE
	EndGlobalSection
EndGlobal
